
Microsoft Visual Studio Solution File, Format Version 12.00
# Visual Studio Version 17
VisualStudioVersion = 17.0.32112.339
MinimumVisualStudioVersion = 10.0.40219.1
Project("{FAE04EC0-301F-11D3-BF4B-00C04F79EFBC}") = "TI_Lab3", "TI_Lab3\TI_Lab3.csproj", "{C273D7C5-2649-4F56-A81A-F640F973D70C}"
EndProject
Global
	GlobalSection(SolutionConfigurationPlatforms) = preSolution
		Debug|Any CPU = Debug|Any CPU
		Release|Any CPU = Release|Any CPU
	EndGlobalSection
	GlobalSection(ProjectConfigurationPlatforms) = postSolution
		{C273D7C5-2649-4F56-A81A-F640F973D70C}.Debug|Any CPU.ActiveCfg = Debug|Any CPU
		{C273D7C5-2649-4F56-A81A-F640F973D70C}.Debug|Any CPU.Build.0 = Debug|Any CPU
		{C273D7C5-2649-4F56-A81A-F640F973D70C}.Release|Any CPU.ActiveCfg = Release|Any CPU
		{C273D7C5-2649-4F56-A81A-F640F973D70C}.Release|Any CPU.Build.0 = Release|Any CPU
	EndGlobalSection
	GlobalSection(SolutionProperties) = preSolution
		HideSolutionNode = FALSE
	EndGlobalSection
	GlobalSection(ExtensibilityGlobals) = postSolution
		SolutionGuid = {80A85743-6424-4F93-AC66-D59A40B76A08}
	EndGlobalSection
EndGlobal
